
Microsoft Visual Studio Solution File, Format Version 12.00
# Visual Studio Version 16
VisualStudioVersion = 16.0.29001.49
MinimumVisualStudioVersion = 10.0.40219.1
Project("{FAE04EC0-301F-11D3-BF4B-00C04F79EFBC}") = "ResearchHub", "ResearchHub\ResearchHub.csproj", "{189C411A-28B8-412D-BA8A-E1B9DF6DC8D7}"
EndProject
Global
	GlobalSection(SolutionConfigurationPlatforms) = preSolution
		Debug|Any CPU = Debug|Any CPU
		Release|Any CPU = Release|Any CPU
	EndGlobalSection
	GlobalSection(ProjectConfigurationPlatforms) = postSolution
		{189C411A-28B8-412D-BA8A-E1B9DF6DC8D7}.Debug|Any CPU.ActiveCfg = Debug|Any CPU
		{189C411A-28B8-412D-BA8A-E1B9DF6DC8D7}.Debug|Any CPU.Build.0 = Debug|Any CPU
		{189C411A-28B8-412D-BA8A-E1B9DF6DC8D7}.Release|Any CPU.ActiveCfg = Release|Any CPU
		{189C411A-28B8-412D-BA8A-E1B9DF6DC8D7}.Release|Any CPU.Build.0 = Release|Any CPU
	EndGlobalSection
	GlobalSection(SolutionProperties) = preSolution
		HideSolutionNode = FALSE
	EndGlobalSection
	GlobalSection(ExtensibilityGlobals) = postSolution
		SolutionGuid = {7F07218F-431F-4286-8409-02A617FE7C78}
	EndGlobalSection
EndGlobal
